
Microsoft Visual Studio Solution File, Format Version 12.00
# Visual Studio 15
VisualStudioVersion = 15.0.27130.2024
MinimumVisualStudioVersion = 10.0.40219.1
Project("{FAE04EC0-301F-11D3-BF4B-00C04F79EFBC}") = "TestableApplication.Tests", "TestableApplication.Tests\TestableApplication.Tests.csproj", "{137A7848-1098-4453-8E3C-6413063D7DD4}"
EndProject
Project("{FAE04EC0-301F-11D3-BF4B-00C04F79EFBC}") = "TestableApplication", "TestableApplication\TestableApplication.csproj", "{8112FB88-15BC-47B9-B49D-254B1462836F}"
EndProject
Global
	GlobalSection(SolutionConfigurationPlatforms) = preSolution
		Debug|Any CPU = Debug|Any CPU
		Release|Any CPU = Release|Any CPU
	EndGlobalSection
	GlobalSection(ProjectConfigurationPlatforms) = postSolution
		{137A7848-1098-4453-8E3C-6413063D7DD4}.Debug|Any CPU.ActiveCfg = Debug|Any CPU
		{137A7848-1098-4453-8E3C-6413063D7DD4}.Debug|Any CPU.Build.0 = Debug|Any CPU
		{137A7848-1098-4453-8E3C-6413063D7DD4}.Release|Any CPU.ActiveCfg = Release|Any CPU
		{137A7848-1098-4453-8E3C-6413063D7DD4}.Release|Any CPU.Build.0 = Release|Any CPU
		{8112FB88-15BC-47B9-B49D-254B1462836F}.Debug|Any CPU.ActiveCfg = Debug|Any CPU
		{8112FB88-15BC-47B9-B49D-254B1462836F}.Debug|Any CPU.Build.0 = Debug|Any CPU
		{8112FB88-15BC-47B9-B49D-254B1462836F}.Release|Any CPU.ActiveCfg = Release|Any CPU
		{8112FB88-15BC-47B9-B49D-254B1462836F}.Release|Any CPU.Build.0 = Release|Any CPU
	EndGlobalSection
	GlobalSection(SolutionProperties) = preSolution
		HideSolutionNode = FALSE
	EndGlobalSection
	GlobalSection(ExtensibilityGlobals) = postSolution
		SolutionGuid = {E53F9C9C-D0F4-45C4-88D0-EF5E5602C5D9}
	EndGlobalSection
EndGlobal
